
Microsoft Visual Studio Solution File, Format Version 12.00
# Visual Studio 2012
Project("{FAE04EC0-301F-11D3-BF4B-00C04F79EFBC}") = "LibKineck", "LibKineck\LibKineck.csproj", "{5A70A52A-EF97-4A64-9716-B4A8FE07576D}"
EndProject
Project("{FAE04EC0-301F-11D3-BF4B-00C04F79EFBC}") = "AppKineck", "AppKineck\AppKineck.csproj", "{8A7A6484-2126-47B7-B961-7FDE0E71DD62}"
EndProject
Global
	GlobalSection(SolutionConfigurationPlatforms) = preSolution
		Debug|Any CPU = Debug|Any CPU
		Debug|Mixed Platforms = Debug|Mixed Platforms
		Debug|Win32 = Debug|Win32
		Debug|x64 = Debug|x64
		Debug|x86 = Debug|x86
		Release|Any CPU = Release|Any CPU
		Release|Mixed Platforms = Release|Mixed Platforms
		Release|Win32 = Release|Win32
		Release|x64 = Release|x64
		Release|x86 = Release|x86
	EndGlobalSection
	GlobalSection(ProjectConfigurationPlatforms) = postSolution
		{5A70A52A-EF97-4A64-9716-B4A8FE07576D}.Debug|Any CPU.ActiveCfg = Debug|Any CPU
		{5A70A52A-EF97-4A64-9716-B4A8FE07576D}.Debug|Any CPU.Build.0 = Debug|Any CPU
		{5A70A52A-EF97-4A64-9716-B4A8FE07576D}.Debug|Mixed Platforms.ActiveCfg = Debug|Any CPU
		{5A70A52A-EF97-4A64-9716-B4A8FE07576D}.Debug|Mixed Platforms.Build.0 = Debug|Any CPU
		{5A70A52A-EF97-4A64-9716-B4A8FE07576D}.Debug|Win32.ActiveCfg = Debug|Any CPU
		{5A70A52A-EF97-4A64-9716-B4A8FE07576D}.Debug|Win32.Build.0 = Debug|Any CPU
		{5A70A52A-EF97-4A64-9716-B4A8FE07576D}.Debug|x64.ActiveCfg = Debug|Any CPU
		{5A70A52A-EF97-4A64-9716-B4A8FE07576D}.Debug|x86.ActiveCfg = Debug|Any CPU
		{5A70A52A-EF97-4A64-9716-B4A8FE07576D}.Release|Any CPU.ActiveCfg = Release|Any CPU
		{5A70A52A-EF97-4A64-9716-B4A8FE07576D}.Release|Any CPU.Build.0 = Release|Any CPU
		{5A70A52A-EF97-4A64-9716-B4A8FE07576D}.Release|Mixed Platforms.ActiveCfg = Release|Any CPU
		{5A70A52A-EF97-4A64-9716-B4A8FE07576D}.Release|Mixed Platforms.Build.0 = Release|Any CPU
		{5A70A52A-EF97-4A64-9716-B4A8FE07576D}.Release|Win32.ActiveCfg = Release|Any CPU
		{5A70A52A-EF97-4A64-9716-B4A8FE07576D}.Release|Win32.Build.0 = Release|Any CPU
		{5A70A52A-EF97-4A64-9716-B4A8FE07576D}.Release|x64.ActiveCfg = Release|Any CPU
		{5A70A52A-EF97-4A64-9716-B4A8FE07576D}.Release|x86.ActiveCfg = Release|Any CPU
		{8A7A6484-2126-47B7-B961-7FDE0E71DD62}.Debug|Any CPU.ActiveCfg = Debug|Any CPU
		{8A7A6484-2126-47B7-B961-7FDE0E71DD62}.Debug|Any CPU.Build.0 = Debug|Any CPU
		{8A7A6484-2126-47B7-B961-7FDE0E71DD62}.Debug|Mixed Platforms.ActiveCfg = Debug|Any CPU
		{8A7A6484-2126-47B7-B961-7FDE0E71DD62}.Debug|Mixed Platforms.Build.0 = Debug|Any CPU
		{8A7A6484-2126-47B7-B961-7FDE0E71DD62}.Debug|Win32.ActiveCfg = Debug|Any CPU
		{8A7A6484-2126-47B7-B961-7FDE0E71DD62}.Debug|Win32.Build.0 = Debug|Any CPU
		{8A7A6484-2126-47B7-B961-7FDE0E71DD62}.Debug|x64.ActiveCfg = Debug|Any CPU
		{8A7A6484-2126-47B7-B961-7FDE0E71DD62}.Debug|x86.ActiveCfg = Debug|Any CPU
		{8A7A6484-2126-47B7-B961-7FDE0E71DD62}.Release|Any CPU.ActiveCfg = Release|Any CPU
		{8A7A6484-2126-47B7-B961-7FDE0E71DD62}.Release|Any CPU.Build.0 = Release|Any CPU
		{8A7A6484-2126-47B7-B961-7FDE0E71DD62}.Release|Mixed Platforms.ActiveCfg = Release|Any CPU
		{8A7A6484-2126-47B7-B961-7FDE0E71DD62}.Release|Mixed Platforms.Build.0 = Release|Any CPU
		{8A7A6484-2126-47B7-B961-7FDE0E71DD62}.Release|Win32.ActiveCfg = Release|Any CPU
		{8A7A6484-2126-47B7-B961-7FDE0E71DD62}.Release|Win32.Build.0 = Release|Any CPU
		{8A7A6484-2126-47B7-B961-7FDE0E71DD62}.Release|x64.ActiveCfg = Release|Any CPU
		{8A7A6484-2126-47B7-B961-7FDE0E71DD62}.Release|x86.ActiveCfg = Release|Any CPU
	EndGlobalSection
	GlobalSection(SolutionProperties) = preSolution
		HideSolutionNode = FALSE
	EndGlobalSection
EndGlobal
